{
  "name": "eggg",
  "version": "2020.7.30",
  "lockfileVersion": 1,
  "requires": true,
  "dependencies": {
    "t3st": {
      "version": "2020.7.29",
      "resolved": "https://registry.npmjs.org/t3st/-/t3st-2020.7.29.tgz",
      "integrity": "sha512-m0ffMtKSSW3igJLtOLzC7Tpt5elH1+4BuXnstWlgGOnWqi0z5DA1uH5/9uRcKK8Nn6pcQxNRpBU1El22MDy4MA==",
      "dev": true
    }
  }
}
