{
  "name": "clia",
  "version": "2020.8.11",
  "lockfileVersion": 1,
  "requires": true,
  "dependencies": {
    "clia": {
      "version": "2020.8.11",
      "resolved": "https://registry.npmjs.org/clia/-/clia-2020.8.11.tgz",
      "integrity": "sha512-KyNemrLNXpTn/eAZ27oDURrF57T4T8jc0fkTIQAALfXII/vbFbCBNGZXU8Neo+rQbzZ4ha+mmzCcXzFUZnJinA==",
      "dev": true
    },
    "t3st": {
      "version": "2020.10.14",
      "resolved": "https://registry.npmjs.org/t3st/-/t3st-2020.10.14.tgz",
      "integrity": "sha512-r6B7km4+QFZDOXX54YVKJXtXubssqJbb3Tjc1fdj1CNH9kQ0Vo2aIKQU/gAuX157gtdnLBeum9m1N8bo8NOlBw==",
      "dev": true,
      "requires": {
        "clia": "^2020.8.11"
      }
    }
  }
}
